
Microsoft Visual Studio Solution File, Format Version 12.00
# Visual Studio Version 17
VisualStudioVersion = 17.7.34031.279
MinimumVisualStudioVersion = 10.0.40219.1
Project("{FAE04EC0-301F-11D3-BF4B-00C04F79EFBC}") = "CardGame", "CardGame\CardGame.csproj", "{FB84F541-7D94-4F81-BEC6-91583AC05D6F}"
EndProject
Project("{FAE04EC0-301F-11D3-BF4B-00C04F79EFBC}") = "Strategy", "Strategy\Strategy.csproj", "{B60B3DDD-1460-4D2C-BB3F-5D9A782492B7}"
EndProject
Project("{FAE04EC0-301F-11D3-BF4B-00C04F79EFBC}") = "Cards", "Cards\Cards.csproj", "{EAFB5F2F-68C6-48B3-8A8C-DDB414C00845}"
EndProject
Project("{FAE04EC0-301F-11D3-BF4B-00C04F79EFBC}") = "Tests", "Tests\Tests.csproj", "{3A27C0BF-3C01-40D1-9C23-AF15D2D8BBB9}"
EndProject
Project("{FAE04EC0-301F-11D3-BF4B-00C04F79EFBC}") = "DataBase", "DataBase\DataBase.csproj", "{18422CDB-12C5-49C8-A9CE-0A46F99E9FF5}"
EndProject
Project("{FAE04EC0-301F-11D3-BF4B-00C04F79EFBC}") = "WebApplication1", "WebApplication1\WebApplication1.csproj", "{026961A4-7F9D-44F0-98C3-F405F041FDF8}"
EndProject
Project("{FAE04EC0-301F-11D3-BF4B-00C04F79EFBC}") = "Players", "Players\Players.csproj", "{4FFC2003-C4A0-48C8-B014-B070AB657F4C}"
EndProject
Global
	GlobalSection(SolutionConfigurationPlatforms) = preSolution
		Debug|Any CPU = Debug|Any CPU
		Release|Any CPU = Release|Any CPU
	EndGlobalSection
	GlobalSection(ProjectConfigurationPlatforms) = postSolution
		{FB84F541-7D94-4F81-BEC6-91583AC05D6F}.Debug|Any CPU.ActiveCfg = Debug|Any CPU
		{FB84F541-7D94-4F81-BEC6-91583AC05D6F}.Debug|Any CPU.Build.0 = Debug|Any CPU
		{FB84F541-7D94-4F81-BEC6-91583AC05D6F}.Release|Any CPU.ActiveCfg = Release|Any CPU
		{FB84F541-7D94-4F81-BEC6-91583AC05D6F}.Release|Any CPU.Build.0 = Release|Any CPU
		{B60B3DDD-1460-4D2C-BB3F-5D9A782492B7}.Debug|Any CPU.ActiveCfg = Debug|Any CPU
		{B60B3DDD-1460-4D2C-BB3F-5D9A782492B7}.Debug|Any CPU.Build.0 = Debug|Any CPU
		{B60B3DDD-1460-4D2C-BB3F-5D9A782492B7}.Release|Any CPU.ActiveCfg = Release|Any CPU
		{B60B3DDD-1460-4D2C-BB3F-5D9A782492B7}.Release|Any CPU.Build.0 = Release|Any CPU
		{EAFB5F2F-68C6-48B3-8A8C-DDB414C00845}.Debug|Any CPU.ActiveCfg = Debug|Any CPU
		{EAFB5F2F-68C6-48B3-8A8C-DDB414C00845}.Debug|Any CPU.Build.0 = Debug|Any CPU
		{EAFB5F2F-68C6-48B3-8A8C-DDB414C00845}.Release|Any CPU.ActiveCfg = Release|Any CPU
		{EAFB5F2F-68C6-48B3-8A8C-DDB414C00845}.Release|Any CPU.Build.0 = Release|Any CPU
		{3A27C0BF-3C01-40D1-9C23-AF15D2D8BBB9}.Debug|Any CPU.ActiveCfg = Debug|Any CPU
		{3A27C0BF-3C01-40D1-9C23-AF15D2D8BBB9}.Debug|Any CPU.Build.0 = Debug|Any CPU
		{3A27C0BF-3C01-40D1-9C23-AF15D2D8BBB9}.Release|Any CPU.ActiveCfg = Release|Any CPU
		{3A27C0BF-3C01-40D1-9C23-AF15D2D8BBB9}.Release|Any CPU.Build.0 = Release|Any CPU
		{18422CDB-12C5-49C8-A9CE-0A46F99E9FF5}.Debug|Any CPU.ActiveCfg = Debug|Any CPU
		{18422CDB-12C5-49C8-A9CE-0A46F99E9FF5}.Debug|Any CPU.Build.0 = Debug|Any CPU
		{18422CDB-12C5-49C8-A9CE-0A46F99E9FF5}.Release|Any CPU.ActiveCfg = Release|Any CPU
		{18422CDB-12C5-49C8-A9CE-0A46F99E9FF5}.Release|Any CPU.Build.0 = Release|Any CPU
		{026961A4-7F9D-44F0-98C3-F405F041FDF8}.Debug|Any CPU.ActiveCfg = Debug|Any CPU
		{026961A4-7F9D-44F0-98C3-F405F041FDF8}.Debug|Any CPU.Build.0 = Debug|Any CPU
		{026961A4-7F9D-44F0-98C3-F405F041FDF8}.Release|Any CPU.ActiveCfg = Release|Any CPU
		{026961A4-7F9D-44F0-98C3-F405F041FDF8}.Release|Any CPU.Build.0 = Release|Any CPU
		{4FFC2003-C4A0-48C8-B014-B070AB657F4C}.Debug|Any CPU.ActiveCfg = Debug|Any CPU
		{4FFC2003-C4A0-48C8-B014-B070AB657F4C}.Debug|Any CPU.Build.0 = Debug|Any CPU
		{4FFC2003-C4A0-48C8-B014-B070AB657F4C}.Release|Any CPU.ActiveCfg = Release|Any CPU
		{4FFC2003-C4A0-48C8-B014-B070AB657F4C}.Release|Any CPU.Build.0 = Release|Any CPU
	EndGlobalSection
	GlobalSection(SolutionProperties) = preSolution
		HideSolutionNode = FALSE
	EndGlobalSection
	GlobalSection(ExtensibilityGlobals) = postSolution
		SolutionGuid = {DC889CC8-FE7F-43B7-83D2-7A651428D628}
	EndGlobalSection
EndGlobal
